<?xml version="1.0" encoding="UTF-8" standalone="yes" ?>
<CodeBlocks_project_file>
   <FileVersion major="1" minor="6" />
   <Project>
      <Option title="Gui" />
      <Option makefile_is_custom="1" />
      <Option compiler="gcc" />
      <Option virtualFolders="CMake Files\;CMake Files\..\;CMake Files\..\..\;CMake Files\..\..\..\;CMake Files\..\..\..\..\;CMake Files\..\..\..\..\..\;CMake Files\..\..\..\..\..\..\;CMake Files\..\..\..\..\..\..\..\;CMake Files\..\..\..\..\..\..\..\usr\;CMake Files\..\..\..\..\..\..\..\usr\share\;CMake Files\..\..\..\..\..\..\..\usr\share\pcl-1.7\;CMake Files\..\..\..\..\..\..\..\usr\share\OpenCV\;CMake Files\..\..\..\..\..\..\..\usr\lib\;CMake Files\..\..\..\..\..\..\..\usr\lib\vtk-5.8\;CMake Files\..\..\..\..\..\..\..\usr\lib\vtk-5.8\CMake\;" />
      <Build>
      <Target title="all">
         <Option working_dir="/home/michaelroberts/Build/MriSegment/src/Implementation/qtcreator-build" />
         <Option type="4" />
         <MakeCommands>
            <Build command="/usr/bin/make -f &quot;/home/michaelroberts/Build/MriSegment/src/Implementation/qtcreator-build/Makefile&quot;  VERBOSE=1 all" />
            <CompileFile command="/usr/bin/make -f &quot;/home/michaelroberts/Build/MriSegment/src/Implementation/qtcreator-build/Makefile&quot;  VERBOSE=1 &quot;$file&quot;" />
            <Clean command="/usr/bin/make -f &quot;/home/michaelroberts/Build/MriSegment/src/Implementation/qtcreator-build/Makefile&quot;  VERBOSE=1 clean" />
            <DistClean command="/usr/bin/make -f &quot;/home/michaelroberts/Build/MriSegment/src/Implementation/qtcreator-build/Makefile&quot;  VERBOSE=1 clean" />
         </MakeCommands>
      </Target>
      <Target title="ManualSEG">
         <Option output="/home/michaelroberts/Build/MriSegment/src/Implementation/qtcreator-build/ManualSEG" prefix_auto="0" extension_auto="0" />
         <Option working_dir="/home/michaelroberts/Build/MriSegment/src/Implementation/qtcreator-build" />
         <Option object_output="./" />
         <Option type="1" />
         <Option compiler="gcc" />
         <Compiler>
            <Add option="-DEIGEN_USE_NEW_STDVECTOR" />
            <Add option="-DEIGEN_YES_I_KNOW_SPARSE_MODULE_IS_NOT_STABLE_YET" />
            <Add option="-DFLANN_STATIC" />
            <Add option="-Dqh_QHpointer" />
            <Add option="-DQT_NO_DEBUG" />
            <Add option="-DQT_GUI_LIB" />
            <Add option="-DQT_CORE_LIB" />
            <Add option="-DQT_DEBUG" />
            <Add directory="/home/michaelroberts/Build/MriSegment/Build/Implementation/gui" />
            <Add directory="/home/michaelroberts/Build/MriSegment/src/Implementation/gui" />
            <Add directory="/usr/include" />
            <Add directory="/usr/include/c++/4.6" />
            <Add directory="/usr/include/c++/4.6/backward" />
            <Add directory="/usr/include/c++/4.6/x86_64-linux-gnu/." />
            <Add directory="/usr/include/eigen3" />
            <Add directory="/usr/include/opencv" />
            <Add directory="/usr/include/openni" />
            <Add directory="/usr/include/pcl-1.7" />
            <Add directory="/usr/include/qhull" />
            <Add directory="/usr/include/qt4" />
            <Add directory="/usr/include/qt4/QtCore" />
            <Add directory="/usr/include/qt4/QtGui" />
            <Add directory="/usr/include/vtk-5.8" />
            <Add directory="/usr/include/x86_64-linux-gnu" />
            <Add directory="/usr/lib/gcc/x86_64-linux-gnu/4.6/include" />
            <Add directory="/usr/lib/gcc/x86_64-linux-gnu/4.6/include-fixed" />
            <Add directory="/usr/local/include" />
            <Add directory="/usr/local/include/gdcm-2.4" />
         </Compiler>
         <MakeCommands>
            <Build command="/usr/bin/make -f &quot;/home/michaelroberts/Build/MriSegment/src/Implementation/qtcreator-build/Makefile&quot;  VERBOSE=1 ManualSEG" />
            <CompileFile command="/usr/bin/make -f &quot;/home/michaelroberts/Build/MriSegment/src/Implementation/qtcreator-build/Makefile&quot;  VERBOSE=1 &quot;$file&quot;" />
            <Clean command="/usr/bin/make -f &quot;/home/michaelroberts/Build/MriSegment/src/Implementation/qtcreator-build/Makefile&quot;  VERBOSE=1 clean" />
            <DistClean command="/usr/bin/make -f &quot;/home/michaelroberts/Build/MriSegment/src/Implementation/qtcreator-build/Makefile&quot;  VERBOSE=1 clean" />
         </MakeCommands>
      </Target>
      <Target title="ManualSEG/fast">
         <Option output="/home/michaelroberts/Build/MriSegment/src/Implementation/qtcreator-build/ManualSEG" prefix_auto="0" extension_auto="0" />
         <Option working_dir="/home/michaelroberts/Build/MriSegment/src/Implementation/qtcreator-build" />
         <Option object_output="./" />
         <Option type="1" />
         <Option compiler="gcc" />
         <Compiler>
            <Add option="-DEIGEN_USE_NEW_STDVECTOR" />
            <Add option="-DEIGEN_YES_I_KNOW_SPARSE_MODULE_IS_NOT_STABLE_YET" />
            <Add option="-DFLANN_STATIC" />
            <Add option="-Dqh_QHpointer" />
            <Add option="-DQT_NO_DEBUG" />
            <Add option="-DQT_GUI_LIB" />
            <Add option="-DQT_CORE_LIB" />
            <Add option="-DQT_DEBUG" />
            <Add directory="/home/michaelroberts/Build/MriSegment/Build/Implementation/gui" />
            <Add directory="/home/michaelroberts/Build/MriSegment/src/Implementation/gui" />
            <Add directory="/usr/include" />
            <Add directory="/usr/include/c++/4.6" />
            <Add directory="/usr/include/c++/4.6/backward" />
            <Add directory="/usr/include/c++/4.6/x86_64-linux-gnu/." />
            <Add directory="/usr/include/eigen3" />
            <Add directory="/usr/include/opencv" />
            <Add directory="/usr/include/openni" />
            <Add directory="/usr/include/pcl-1.7" />
            <Add directory="/usr/include/qhull" />
            <Add directory="/usr/include/qt4" />
            <Add directory="/usr/include/qt4/QtCore" />
            <Add directory="/usr/include/qt4/QtGui" />
            <Add directory="/usr/include/vtk-5.8" />
            <Add directory="/usr/include/x86_64-linux-gnu" />
            <Add directory="/usr/lib/gcc/x86_64-linux-gnu/4.6/include" />
            <Add directory="/usr/lib/gcc/x86_64-linux-gnu/4.6/include-fixed" />
            <Add directory="/usr/local/include" />
            <Add directory="/usr/local/include/gdcm-2.4" />
         </Compiler>
         <MakeCommands>
            <Build command="/usr/bin/make -f &quot;/home/michaelroberts/Build/MriSegment/src/Implementation/qtcreator-build/Makefile&quot;  VERBOSE=1 ManualSEG/fast" />
            <CompileFile command="/usr/bin/make -f &quot;/home/michaelroberts/Build/MriSegment/src/Implementation/qtcreator-build/Makefile&quot;  VERBOSE=1 &quot;$file&quot;" />
            <Clean command="/usr/bin/make -f &quot;/home/michaelroberts/Build/MriSegment/src/Implementation/qtcreator-build/Makefile&quot;  VERBOSE=1 clean" />
            <DistClean command="/usr/bin/make -f &quot;/home/michaelroberts/Build/MriSegment/src/Implementation/qtcreator-build/Makefile&quot;  VERBOSE=1 clean" />
         </MakeCommands>
      </Target>
      <Target title="rebuild_cache">
         <Option working_dir="/home/michaelroberts/Build/MriSegment/src/Implementation/qtcreator-build" />
         <Option type="4" />
         <MakeCommands>
            <Build command="/usr/bin/make -f &quot;/home/michaelroberts/Build/MriSegment/src/Implementation/qtcreator-build/Makefile&quot;  VERBOSE=1 rebuild_cache" />
            <CompileFile command="/usr/bin/make -f &quot;/home/michaelroberts/Build/MriSegment/src/Implementation/qtcreator-build/Makefile&quot;  VERBOSE=1 &quot;$file&quot;" />
            <Clean command="/usr/bin/make -f &quot;/home/michaelroberts/Build/MriSegment/src/Implementation/qtcreator-build/Makefile&quot;  VERBOSE=1 clean" />
            <DistClean command="/usr/bin/make -f &quot;/home/michaelroberts/Build/MriSegment/src/Implementation/qtcreator-build/Makefile&quot;  VERBOSE=1 clean" />
         </MakeCommands>
      </Target>
      </Build>
      <Unit filename="/home/michaelroberts/Build/MriSegment/src/Implementation/gui/dataset.cpp">
      </Unit>
      <Unit filename="/home/michaelroberts/Build/MriSegment/src/Implementation/gui/layerslide.cpp">
      </Unit>
      <Unit filename="/home/michaelroberts/Build/MriSegment/src/Implementation/gui/layerslidewidget.cpp">
      </Unit>
      <Unit filename="/home/michaelroberts/Build/MriSegment/src/Implementation/gui/loadworkerthread.cpp">
      </Unit>
      <Unit filename="/home/michaelroberts/Build/MriSegment/src/Implementation/gui/main.cpp">
      </Unit>
      <Unit filename="/home/michaelroberts/Build/MriSegment/src/Implementation/gui/mainwindow.cpp">
      </Unit>
      <Unit filename="/home/michaelroberts/Build/MriSegment/src/Implementation/gui/mriscene.cpp">
      </Unit>
      <Unit filename="/home/michaelroberts/Build/MriSegment/src/Implementation/gui/processworkerthread.cpp">
      </Unit>
      <Unit filename="/home/michaelroberts/Build/MriSegment/src/Implementation/gui/selectregionwidget.cpp">
      </Unit>
      <Unit filename="/home/michaelroberts/Build/MriSegment/src/Implementation/gui/tissueviewer.cpp">
      </Unit>
      <Unit filename="/home/michaelroberts/Build/MriSegment/src/Implementation/gui/welcomescreen.cpp">
      </Unit>
      <Unit filename="/home/michaelroberts/Build/MriSegment/src/Implementation/gui/wizard_loadimages.cpp">
      </Unit>
      <Unit filename="/home/michaelroberts/Build/MriSegment/src/Implementation/gui/wizard_processfiles.cpp">
      </Unit>
      <Unit filename="/home/michaelroberts/Build/MriSegment/src/Implementation/gui/wizard_selectimage.cpp">
      </Unit>
      <Unit filename="/home/michaelroberts/Build/MriSegment/src/Implementation/gui/wizardcontroller.cpp">
      </Unit>
      <Unit filename="/home/michaelroberts/Build/MriSegment/src/Implementation/gui/wizarddataconfig.cpp">
      </Unit>
      <Unit filename="/home/michaelroberts/Build/MriSegment/src/Implementation/gui/dataset.h">
      </Unit>
      <Unit filename="/home/michaelroberts/Build/MriSegment/src/Implementation/gui/layerslide.h">
      </Unit>
      <Unit filename="/home/michaelroberts/Build/MriSegment/src/Implementation/gui/layerslide.ui">
      </Unit>
      <Unit filename="/home/michaelroberts/Build/MriSegment/src/Implementation/gui/layerslidewidget.h">
      </Unit>
      <Unit filename="/home/michaelroberts/Build/MriSegment/src/Implementation/gui/loadworkerthread.h">
      </Unit>
      <Unit filename="/home/michaelroberts/Build/MriSegment/src/Implementation/gui/mainwindow.h">
      </Unit>
      <Unit filename="/home/michaelroberts/Build/MriSegment/src/Implementation/gui/mainwindow.ui">
      </Unit>
      <Unit filename="/home/michaelroberts/Build/MriSegment/src/Implementation/gui/mriscene.h">
      </Unit>
      <Unit filename="/home/michaelroberts/Build/MriSegment/src/Implementation/gui/processworkerthread.h">
      </Unit>
      <Unit filename="/home/michaelroberts/Build/MriSegment/src/Implementation/gui/selectregionwidget.h">
      </Unit>
      <Unit filename="/home/michaelroberts/Build/MriSegment/src/Implementation/gui/selectregionwidget.ui">
      </Unit>
      <Unit filename="/home/michaelroberts/Build/MriSegment/src/Implementation/gui/tissueviewer.h">
      </Unit>
      <Unit filename="/home/michaelroberts/Build/MriSegment/src/Implementation/gui/tissueviewer.ui">
      </Unit>
      <Unit filename="/home/michaelroberts/Build/MriSegment/src/Implementation/gui/welcomescreen.h">
      </Unit>
      <Unit filename="/home/michaelroberts/Build/MriSegment/src/Implementation/gui/welcomescreen.ui">
      </Unit>
      <Unit filename="/home/michaelroberts/Build/MriSegment/src/Implementation/gui/wizard_loadimages.h">
      </Unit>
      <Unit filename="/home/michaelroberts/Build/MriSegment/src/Implementation/gui/wizard_loadimages.ui">
      </Unit>
      <Unit filename="/home/michaelroberts/Build/MriSegment/src/Implementation/gui/wizard_processfiles.h">
      </Unit>
      <Unit filename="/home/michaelroberts/Build/MriSegment/src/Implementation/gui/wizard_processfiles.ui">
      </Unit>
      <Unit filename="/home/michaelroberts/Build/MriSegment/src/Implementation/gui/wizard_selectimage.h">
      </Unit>
      <Unit filename="/home/michaelroberts/Build/MriSegment/src/Implementation/gui/wizard_selectimage.ui">
      </Unit>
      <Unit filename="/home/michaelroberts/Build/MriSegment/src/Implementation/gui/wizardcontroller.h">
      </Unit>
      <Unit filename="/home/michaelroberts/Build/MriSegment/src/Implementation/gui/wizarddataconfig.h">
      </Unit>
      <Unit filename="/home/michaelroberts/Build/MriSegment/src/Implementation/gui/CMakeLists.txt">
          <Option virtualFolder="CMake Files\" />
      </Unit>
      <Unit filename="/home/michaelroberts/Build/MriSegment/src/Implementation/gui/../../../../../../../usr/share/pcl-1.7/PCLConfigVersion.cmake">
          <Option virtualFolder="CMake Files\..\..\..\..\..\..\..\usr\share\pcl-1.7\" />
      </Unit>
      <Unit filename="/home/michaelroberts/Build/MriSegment/src/Implementation/gui/../../../../../../../usr/share/pcl-1.7/PCLConfig.cmake">
          <Option virtualFolder="CMake Files\..\..\..\..\..\..\..\usr\share\pcl-1.7\" />
      </Unit>
      <Unit filename="/home/michaelroberts/Build/MriSegment/src/Implementation/gui/../../../../../../../usr/share/OpenCV/OpenCVConfig-version.cmake">
          <Option virtualFolder="CMake Files\..\..\..\..\..\..\..\usr\share\OpenCV\" />
      </Unit>
      <Unit filename="/home/michaelroberts/Build/MriSegment/src/Implementation/gui/../../../../../../../usr/share/OpenCV/OpenCVConfig.cmake">
          <Option virtualFolder="CMake Files\..\..\..\..\..\..\..\usr\share\OpenCV\" />
      </Unit>
      <Unit filename="/home/michaelroberts/Build/MriSegment/src/Implementation/gui/../../../../../../../usr/lib/vtk-5.8/VTKConfigVersion.cmake">
          <Option virtualFolder="CMake Files\..\..\..\..\..\..\..\usr\lib\vtk-5.8\" />
      </Unit>
      <Unit filename="/home/michaelroberts/Build/MriSegment/src/Implementation/gui/../../../../../../../usr/lib/vtk-5.8/VTKConfig.cmake">
          <Option virtualFolder="CMake Files\..\..\..\..\..\..\..\usr\lib\vtk-5.8\" />
      </Unit>
      <Unit filename="/home/michaelroberts/Build/MriSegment/src/Implementation/gui/../../../../../../../usr/lib/vtk-5.8/VTKConfigQt.cmake">
          <Option virtualFolder="CMake Files\..\..\..\..\..\..\..\usr\lib\vtk-5.8\" />
      </Unit>
      <Unit filename="/home/michaelroberts/Build/MriSegment/src/Implementation/gui/../../../../../../../usr/lib/vtk-5.8/VTKTargets.cmake">
          <Option virtualFolder="CMake Files\..\..\..\..\..\..\..\usr\lib\vtk-5.8\" />
      </Unit>
      <Unit filename="/home/michaelroberts/Build/MriSegment/src/Implementation/gui/../../../../../../../usr/lib/vtk-5.8/VTKTargets-debug.cmake">
          <Option virtualFolder="CMake Files\..\..\..\..\..\..\..\usr\lib\vtk-5.8\" />
      </Unit>
      <Unit filename="/home/michaelroberts/Build/MriSegment/src/Implementation/gui/../../../../../../../usr/lib/vtk-5.8/UseVTK.cmake">
          <Option virtualFolder="CMake Files\..\..\..\..\..\..\..\usr\lib\vtk-5.8\" />
      </Unit>
      <Unit filename="/home/michaelroberts/Build/MriSegment/src/Implementation/gui/../../../../../../../usr/lib/vtk-5.8/VTKConfigVersion.cmake">
          <Option virtualFolder="CMake Files\..\..\..\..\..\..\..\usr\lib\vtk-5.8\" />
      </Unit>
      <Unit filename="/home/michaelroberts/Build/MriSegment/src/Implementation/gui/../../../../../../../usr/lib/vtk-5.8/VTKConfig.cmake">
          <Option virtualFolder="CMake Files\..\..\..\..\..\..\..\usr\lib\vtk-5.8\" />
      </Unit>
      <Unit filename="/home/michaelroberts/Build/MriSegment/src/Implementation/gui/../../../../../../../usr/lib/vtk-5.8/VTKConfigQt.cmake">
          <Option virtualFolder="CMake Files\..\..\..\..\..\..\..\usr\lib\vtk-5.8\" />
      </Unit>
      <Unit filename="/home/michaelroberts/Build/MriSegment/src/Implementation/gui/../../../../../../../usr/lib/vtk-5.8/UseVTK.cmake">
          <Option virtualFolder="CMake Files\..\..\..\..\..\..\..\usr\lib\vtk-5.8\" />
      </Unit>
      <Unit filename="/home/michaelroberts/Build/MriSegment/src/Implementation/gui/../../../../../../../usr/lib/vtk-5.8/VTKConfigVersion.cmake">
          <Option virtualFolder="CMake Files\..\..\..\..\..\..\..\usr\lib\vtk-5.8\" />
      </Unit>
      <Unit filename="/home/michaelroberts/Build/MriSegment/src/Implementation/gui/../../../../../../../usr/lib/vtk-5.8/VTKConfig.cmake">
          <Option virtualFolder="CMake Files\..\..\..\..\..\..\..\usr\lib\vtk-5.8\" />
      </Unit>
      <Unit filename="/home/michaelroberts/Build/MriSegment/src/Implementation/gui/../../../../../../../usr/lib/vtk-5.8/VTKConfigQt.cmake">
          <Option virtualFolder="CMake Files\..\..\..\..\..\..\..\usr\lib\vtk-5.8\" />
      </Unit>
      <Unit filename="/home/michaelroberts/Build/MriSegment/src/Implementation/gui/../../../../../../../usr/lib/vtk-5.8/UseVTK.cmake">
          <Option virtualFolder="CMake Files\..\..\..\..\..\..\..\usr\lib\vtk-5.8\" />
      </Unit>
      <Unit filename="/home/michaelroberts/Build/MriSegment/src/Implementation/gui/../../../../../../../usr/lib/vtk-5.8/VTKConfigVersion.cmake">
          <Option virtualFolder="CMake Files\..\..\..\..\..\..\..\usr\lib\vtk-5.8\" />
      </Unit>
      <Unit filename="/home/michaelroberts/Build/MriSegment/src/Implementation/gui/../../../../../../../usr/lib/vtk-5.8/VTKConfig.cmake">
          <Option virtualFolder="CMake Files\..\..\..\..\..\..\..\usr\lib\vtk-5.8\" />
      </Unit>
      <Unit filename="/home/michaelroberts/Build/MriSegment/src/Implementation/gui/../../../../../../../usr/lib/vtk-5.8/VTKConfigQt.cmake">
          <Option virtualFolder="CMake Files\..\..\..\..\..\..\..\usr\lib\vtk-5.8\" />
      </Unit>
      <Unit filename="/home/michaelroberts/Build/MriSegment/src/Implementation/gui/../../../../../../../usr/lib/vtk-5.8/UseVTK.cmake">
          <Option virtualFolder="CMake Files\..\..\..\..\..\..\..\usr\lib\vtk-5.8\" />
      </Unit>
      <Unit filename="/home/michaelroberts/Build/MriSegment/src/Implementation/gui/../../../../../../../usr/lib/vtk-5.8/CMake/vtkMakeInstantiator.cmake">
          <Option virtualFolder="CMake Files\..\..\..\..\..\..\..\usr\lib\vtk-5.8\CMake\" />
      </Unit>
   </Project>
</CodeBlocks_project_file>
